
Microsoft Visual Studio Solution File, Format Version 12.00
# Visual Studio Version 16
VisualStudioVersion = 16.0.30413.136
MinimumVisualStudioVersion = 10.0.40219.1
Project("{FAE04EC0-301F-11D3-BF4B-00C04F79EFBC}") = "AppLogger", "AppLogger\AppLogger.csproj", "{EDB41320-1473-4F3B-89D5-E1DF72EDDF2A}"
EndProject
Project("{FAE04EC0-301F-11D3-BF4B-00C04F79EFBC}") = "Execute", "Execute\Execute.csproj", "{BB1F3470-33F0-4DBD-BCF7-A336073DAF37}"
EndProject
Global
	GlobalSection(SolutionConfigurationPlatforms) = preSolution
		Debug|Any CPU = Debug|Any CPU
		Release|Any CPU = Release|Any CPU
	EndGlobalSection
	GlobalSection(ProjectConfigurationPlatforms) = postSolution
		{EDB41320-1473-4F3B-89D5-E1DF72EDDF2A}.Debug|Any CPU.ActiveCfg = Debug|Any CPU
		{EDB41320-1473-4F3B-89D5-E1DF72EDDF2A}.Debug|Any CPU.Build.0 = Debug|Any CPU
		{EDB41320-1473-4F3B-89D5-E1DF72EDDF2A}.Release|Any CPU.ActiveCfg = Release|Any CPU
		{EDB41320-1473-4F3B-89D5-E1DF72EDDF2A}.Release|Any CPU.Build.0 = Release|Any CPU
		{BB1F3470-33F0-4DBD-BCF7-A336073DAF37}.Debug|Any CPU.ActiveCfg = Debug|Any CPU
		{BB1F3470-33F0-4DBD-BCF7-A336073DAF37}.Debug|Any CPU.Build.0 = Debug|Any CPU
		{BB1F3470-33F0-4DBD-BCF7-A336073DAF37}.Release|Any CPU.ActiveCfg = Release|Any CPU
		{BB1F3470-33F0-4DBD-BCF7-A336073DAF37}.Release|Any CPU.Build.0 = Release|Any CPU
	EndGlobalSection
	GlobalSection(SolutionProperties) = preSolution
		HideSolutionNode = FALSE
	EndGlobalSection
	GlobalSection(ExtensibilityGlobals) = postSolution
		SolutionGuid = {A0E0C183-E899-422E-8C7D-6462E4A54EF1}
	EndGlobalSection
EndGlobal
